
Microsoft Visual Studio Solution File, Format Version 12.00
# Visual Studio Version 16
VisualStudioVersion = 16.0.29411.138
MinimumVisualStudioVersion = 10.0.40219.1
Project("{9A19103F-16F7-4668-BE54-9A1E7A4F7556}") = "Pathfinder", "Pathfinder\Pathfinder.csproj", "{EFD971A3-A8F8-4E2E-8BCA-C1881947B8CA}"
EndProject
Project("{E53339B2-1760-4266-BCC7-CA923CBCF16C}") = "docker-compose", "docker-compose.dcproj", "{CD5E8D98-6233-4D25-A859-6B80A058B69C}"
EndProject
Project("{2150E333-8FDC-42A3-9474-1A3956D46DE8}") = "Environment", "Environment", "{BFD00822-425D-4451-A933-C400057677B4}"
	ProjectSection(SolutionItems) = preProject
		.env = .env
	EndProjectSection
EndProject
Project("{9A19103F-16F7-4668-BE54-9A1E7A4F7556}") = "Pathfinder.Tests", "Pathfinder.Tests\Pathfinder.Tests.csproj", "{A510AA30-16C6-4678-867A-5F4BA7710694}"
EndProject
Global
	GlobalSection(SolutionConfigurationPlatforms) = preSolution
		Debug|Any CPU = Debug|Any CPU
		Release|Any CPU = Release|Any CPU
	EndGlobalSection
	GlobalSection(ProjectConfigurationPlatforms) = postSolution
		{EFD971A3-A8F8-4E2E-8BCA-C1881947B8CA}.Debug|Any CPU.ActiveCfg = Debug|Any CPU
		{EFD971A3-A8F8-4E2E-8BCA-C1881947B8CA}.Debug|Any CPU.Build.0 = Debug|Any CPU
		{EFD971A3-A8F8-4E2E-8BCA-C1881947B8CA}.Release|Any CPU.ActiveCfg = Release|Any CPU
		{EFD971A3-A8F8-4E2E-8BCA-C1881947B8CA}.Release|Any CPU.Build.0 = Release|Any CPU
		{CD5E8D98-6233-4D25-A859-6B80A058B69C}.Debug|Any CPU.ActiveCfg = Debug|Any CPU
		{CD5E8D98-6233-4D25-A859-6B80A058B69C}.Debug|Any CPU.Build.0 = Debug|Any CPU
		{CD5E8D98-6233-4D25-A859-6B80A058B69C}.Release|Any CPU.ActiveCfg = Release|Any CPU
		{CD5E8D98-6233-4D25-A859-6B80A058B69C}.Release|Any CPU.Build.0 = Release|Any CPU
		{A510AA30-16C6-4678-867A-5F4BA7710694}.Debug|Any CPU.ActiveCfg = Debug|Any CPU
		{A510AA30-16C6-4678-867A-5F4BA7710694}.Debug|Any CPU.Build.0 = Debug|Any CPU
		{A510AA30-16C6-4678-867A-5F4BA7710694}.Release|Any CPU.ActiveCfg = Release|Any CPU
		{A510AA30-16C6-4678-867A-5F4BA7710694}.Release|Any CPU.Build.0 = Release|Any CPU
	EndGlobalSection
	GlobalSection(SolutionProperties) = preSolution
		HideSolutionNode = FALSE
	EndGlobalSection
	GlobalSection(ExtensibilityGlobals) = postSolution
		SolutionGuid = {87E3B621-89C4-43E9-A2A8-071D20BA7AAD}
	EndGlobalSection
EndGlobal
